
Microsoft Visual Studio Solution File, Format Version 12.00
# Visual Studio Version 17
VisualStudioVersion = 17.5.002.0
MinimumVisualStudioVersion = 10.0.40219.1
Project("{9A19103F-16F7-4668-BE54-9A1E7A4F7556}") = "Backend.Infrastructure", "Backend.Infrastructure.csproj", "{5446FABA-F208-469C-9D9E-04369970AE6A}"
EndProject
Global
	GlobalSection(SolutionConfigurationPlatforms) = preSolution
		Debug|Any CPU = Debug|Any CPU
		Release|Any CPU = Release|Any CPU
	EndGlobalSection
	GlobalSection(ProjectConfigurationPlatforms) = postSolution
		{5446FABA-F208-469C-9D9E-04369970AE6A}.Debug|Any CPU.ActiveCfg = Debug|Any CPU
		{5446FABA-F208-469C-9D9E-04369970AE6A}.Debug|Any CPU.Build.0 = Debug|Any CPU
		{5446FABA-F208-469C-9D9E-04369970AE6A}.Release|Any CPU.ActiveCfg = Release|Any CPU
		{5446FABA-F208-469C-9D9E-04369970AE6A}.Release|Any CPU.Build.0 = Release|Any CPU
	EndGlobalSection
	GlobalSection(SolutionProperties) = preSolution
		HideSolutionNode = FALSE
	EndGlobalSection
	GlobalSection(ExtensibilityGlobals) = postSolution
		SolutionGuid = {109E06A3-E6C3-40BD-B131-D92359D1D082}
	EndGlobalSection
EndGlobal
